// !$*UTF8*$!
{
	archiveVersion = 1;
	classes = {
	};
	objectVersion = 50;
	objects = {

/* Begin PBXBuildFile section */
		289BC0922446BF3400669740 /* AppDelegate.swift in Sources */ = {isa = PBXBuildFile; fileRef = 289BC0912446BF3400669740 /* AppDelegate.swift */; };
		289BC0942446BF3500669740 /* SceneDelegate.swift in Sources */ = {isa = PBXBuildFile; fileRef = 289BC0932446BF3500669740 /* SceneDelegate.swift */; };
		289BC0972446BF3500669740 /* ImportPhoto.xcdatamodeld in Sources */ = {isa = PBXBuildFile; fileRef = 289BC0952446BF3500669740 /* ImportPhoto.xcdatamodeld */; };
		289BC0992446BF3500669740 /* ContentView.swift in Sources */ = {isa = PBXBuildFile; fileRef = 289BC0982446BF3500669740 /* ContentView.swift */; };
		289BC09B2446BF3500669740 /* Assets.xcassets in Resources */ = {isa = PBXBuildFile; fileRef = 289BC09A2446BF3500669740 /* Assets.xcassets */; };
		289BC09E2446BF3500669740 /* Preview Assets.xcassets in Resources */ = {isa = PBXBuildFile; fileRef = 289BC09D2446BF3500669740 /* Preview Assets.xcassets */; };
		289BC0A12446BF3500669740 /* LaunchScreen.storyboard in Resources */ = {isa = PBXBuildFile; fileRef = 289BC09F2446BF3500669740 /* LaunchScreen.storyboard */; };
		289BC0AC2446BF3500669740 /* ImportPhotoTests.swift in Sources */ = {isa = PBXBuildFile; fileRef = 289BC0AB2446BF3500669740 /* ImportPhotoTests.swift */; };
		289BC0B72446BF3500669740 /* ImportPhotoUITests.swift in Sources */ = {isa = PBXBuildFile; fileRef = 289BC0B62446BF3500669740 /* ImportPhotoUITests.swift */; };
/* End PBXBuildFile section */

/* Begin PBXContainerItemProxy section */
		289BC0A82446BF3500669740 /* PBXContainerItemProxy */ = {
			isa = PBXContainerItemProxy;
			containerPortal = 289BC0862446BF3400669740 /* Project object */;
			proxyType = 1;
			remoteGlobalIDString = 289BC08D2446BF3400669740;
			remoteInfo = ImportPhoto;
		};
		289BC0B32446BF3500669740 /* PBXContainerItemProxy */ = {
			isa = PBXContainerItemProxy;
			containerPortal = 289BC0862446BF3400669740 /* Project object */;
			proxyType = 1;
			remoteGlobalIDString = 289BC08D2446BF3400669740;
			remoteInfo = ImportPhoto;
		};
/* End PBXContainerItemProxy section */

/* Begin PBXFileReference section */
		289BC08E2446BF3400669740 /* ImportPhoto.app */ = {isa = PBXFileReference; explicitFileType = wrapper.application; includeInIndex = 0; path = ImportPhoto.app; sourceTree = BUILT_PRODUCTS_DIR; };
		289BC0912446BF3400669740 /* AppDelegate.swift */ = {isa = PBXFileReference; lastKnownFileType = sourcecode.swift; path = AppDelegate.swift; sourceTree = "<group>"; };
		289BC0932446BF3500669740 /* SceneDelegate.swift */ = {isa = PBXFileReference; lastKnownFileType = sourcecode.swift; path = SceneDelegate.swift; sourceTree = "<group>"; };
		289BC0962446BF3500669740 /* ImportPhoto.xcdatamodel */ = {isa = PBXFileReference; lastKnownFileType = wrapper.xcdatamodel; path = ImportPhoto.xcdatamodel; sourceTree = "<group>"; };
		289BC0982446BF3500669740 /* ContentView.swift */ = {isa = PBXFileReference; lastKnownFileType = sourcecode.swift; path = ContentView.swift; sourceTree = "<group>"; };
		289BC09A2446BF3500669740 /* Assets.xcassets */ = {isa = PBXFileReference; lastKnownFileType = folder.assetcatalog; path = Assets.xcassets; sourceTree = "<group>"; };
		289BC09D2446BF3500669740 /* Preview Assets.xcassets */ = {isa = PBXFileReference; lastKnownFileType = folder.assetcatalog; path = "Preview Assets.xcassets"; sourceTree = "<group>"; };
		289BC0A02446BF3500669740 /* Base */ = {isa = PBXFileReference; lastKnownFileType = file.storyboard; name = Base; path = Base.lproj/LaunchScreen.storyboard; sourceTree = "<group>"; };
		289BC0A22446BF3500669740 /* Info.plist */ = {isa = PBXFileReference; lastKnownFileType = text.plist.xml; path = Info.plist; sourceTree = "<group>"; };
		289BC0A72446BF3500669740 /* ImportPhotoTests.xctest */ = {isa = PBXFileReference; explicitFileType = wrapper.cfbundle; includeInIndex = 0; path = ImportPhotoTests.xctest; sourceTree = BUILT_PRODUCTS_DIR; };
		289BC0AB2446BF3500669740 /* ImportPhotoTests.swift */ = {isa = PBXFileReference; lastKnownFileType = sourcecode.swift; path = ImportPhotoTests.swift; sourceTree = "<group>"; };
		289BC0AD2446BF3500669740 /* Info.plist */ = {isa = PBXFileReference; lastKnownFileType = text.plist.xml; path = Info.plist; sourceTree = "<group>"; };
		289BC0B22446BF3500669740 /* ImportPhotoUITests.xctest */ = {isa = PBXFileReference; explicitFileType = wrapper.cfbundle; includeInIndex = 0; path = ImportPhotoUITests.xctest; sourceTree = BUILT_PRODUCTS_DIR; };
		289BC0B62446BF3500669740 /* ImportPhotoUITests.swift */ = {isa = PBXFileReference; lastKnownFileType = sourcecode.swift; path = ImportPhotoUITests.swift; sourceTree = "<group>"; };
		289BC0B82446BF3500669740 /* Info.plist */ = {isa = PBXFileReference; lastKnownFileType = text.plist.xml; path = Info.plist; sourceTree = "<group>"; };
/* End PBXFileReference section */

/* Begin PBXFrameworksBuildPhase section */
		289BC08B2446BF3400669740 /* Frameworks */ = {
			isa = PBXFrameworksBuildPhase;
			buildActionMask = 2147483647;
			files = (
			);
			runOnlyForDeploymentPostprocessing = 0;
		};
		289BC0A42446BF3500669740 /* Frameworks */ = {
			isa = PBXFrameworksBuildPhase;
			buildActionMask = 2147483647;
			files = (
			);
			runOnlyForDeploymentPostprocessing = 0;
		};
		289BC0AF2446BF3500669740 /* Frameworks */ = {
			isa = PBXFrameworksBuildPhase;
			buildActionMask = 2147483647;
			files = (
			);
			runOnlyForDeploymentPostprocessing = 0;
		};
/* End PBXFrameworksBuildPhase section */

/* Begin PBXGroup section */
		289BC0852446BF3400669740 = {
			isa = PBXGroup;
			children = (
				289BC0902446BF3400669740 /* ImportPhoto */,
				289BC0AA2446BF3500669740 /* ImportPhotoTests */,
				289BC0B52446BF3500669740 /* ImportPhotoUITests */,
				289BC08F2446BF3400669740 /* Products */,
			);
			sourceTree = "<group>";
		};
		289BC08F2446BF3400669740 /* Products */ = {
			isa = PBXGroup;
			children = (
				289BC08E2446BF3400669740 /* ImportPhoto.app */,
				289BC0A72446BF3500669740 /* ImportPhotoTests.xctest */,
				289BC0B22446BF3500669740 /* ImportPhotoUITests.xctest */,
			);
			name = Products;
			sourceTree = "<group>";
		};
		289BC0902446BF3400669740 /* ImportPhoto */ = {
			isa = PBXGroup;
			children = (
				289BC0912446BF3400669740 /* AppDelegate.swift */,
				289BC0932446BF3500669740 /* SceneDelegate.swift */,
				289BC0982446BF3500669740 /* ContentView.swift */,
				289BC09A2446BF3500669740 /* Assets.xcassets */,
				289BC09F2446BF3500669740 /* LaunchScreen.storyboard */,
				289BC0A22446BF3500669740 /* Info.plist */,
				289BC0952446BF3500669740 /* ImportPhoto.xcdatamodeld */,
				289BC09C2446BF3500669740 /* Preview Content */,
			);
			path = ImportPhoto;
			sourceTree = "<group>";
		};
		289BC09C2446BF3500669740 /* Preview Content */ = {
			isa = PBXGroup;
			children = (
				289BC09D2446BF3500669740 /* Preview Assets.xcassets */,
			);
			path = "Preview Content";
			sourceTree = "<group>";
		};
		289BC0AA2446BF3500669740 /* ImportPhotoTests */ = {
			isa = PBXGroup;
			children = (
				289BC0AB2446BF3500669740 /* ImportPhotoTests.swift */,
				289BC0AD2446BF3500669740 /* Info.plist */,
			);
			path = ImportPhotoTests;
			sourceTree = "<group>";
		};
		289BC0B52446BF3500669740 /* ImportPhotoUITests */ = {
			isa = PBXGroup;
			children = (
				289BC0B62446BF3500669740 /* ImportPhotoUITests.swift */,
				289BC0B82446BF3500669740 /* Info.plist */,
			);
			path = ImportPhotoUITests;
			sourceTree = "<group>";
		};
/* End PBXGroup section */

/* Begin PBXNativeTarget section */
		289BC08D2446BF3400669740 /* ImportPhoto */ = {
			isa = PBXNativeTarget;
			buildConfigurationList = 289BC0BB2446BF3500669740 /* Build configuration list for PBXNativeTarget "ImportPhoto" */;
			buildPhases = (
				289BC08A2446BF3400669740 /* Sources */,
				289BC08B2446BF3400669740 /* Frameworks */,
				289BC08C2446BF3400669740 /* Resources */,
			);
			buildRules = (
			);
			dependencies = (
			);
			name = ImportPhoto;
			productName = ImportPhoto;
			productReference = 289BC08E2446BF3400669740 /* ImportPhoto.app */;
			productType = "com.apple.product-type.application";
		};
		289BC0A62446BF3500669740 /* ImportPhotoTests */ = {
			isa = PBXNativeTarget;
			buildConfigurationList = 289BC0BE2446BF3500669740 /* Build configuration list for PBXNativeTarget "ImportPhotoTests" */;
			buildPhases = (
				289BC0A32446BF3500669740 /* Sources */,
				289BC0A42446BF3500669740 /* Frameworks */,
				289BC0A52446BF3500669740 /* Resources */,
			);
			buildRules = (
			);
			dependencies = (
				289BC0A92446BF3500669740 /* PBXTargetDependency */,
			);
			name = ImportPhotoTests;
			productName = ImportPhotoTests;
			productReference = 289BC0A72446BF3500669740 /* ImportPhotoTests.xctest */;
			productType = "com.apple.product-type.bundle.unit-test";
		};
		289BC0B12446BF3500669740 /* ImportPhotoUITests */ = {
			isa = PBXNativeTarget;
			buildConfigurationList = 289BC0C12446BF3500669740 /* Build configuration list for PBXNativeTarget "ImportPhotoUITests" */;
			buildPhases = (
				289BC0AE2446BF3500669740 /* Sources */,
				289BC0AF2446BF3500669740 /* Frameworks */,
				289BC0B02446BF3500669740 /* Resources */,
			);
			buildRules = (
			);
			dependencies = (
				289BC0B42446BF3500669740 /* PBXTargetDependency */,
			);
			name = ImportPhotoUITests;
			productName = ImportPhotoUITests;
			productReference = 289BC0B22446BF3500669740 /* ImportPhotoUITests.xctest */;
			productType = "com.apple.product-type.bundle.ui-testing";
		};
/* End PBXNativeTarget section */

/* Begin PBXProject section */
		289BC0862446BF3400669740 /* Project object */ = {
			isa = PBXProject;
			attributes = {
				LastSwiftUpdateCheck = 1140;
				LastUpgradeCheck = 1140;
				ORGANIZATIONNAME = "Viettasc Doan";
				TargetAttributes = {
					289BC08D2446BF3400669740 = {
						CreatedOnToolsVersion = 11.4;
					};
					289BC0A62446BF3500669740 = {
						CreatedOnToolsVersion = 11.4;
						TestTargetID = 289BC08D2446BF3400669740;
					};
					289BC0B12446BF3500669740 = {
						CreatedOnToolsVersion = 11.4;
						TestTargetID = 289BC08D2446BF3400669740;
					};
				};
			};
			buildConfigurationList = 289BC0892446BF3400669740 /* Build configuration list for PBXProject "ImportPhoto" */;
			compatibilityVersion = "Xcode 9.3";
			developmentRegion = en;
			hasScannedForEncodings = 0;
			knownRegions = (
				en,
				Base,
			);
			mainGroup = 289BC0852446BF3400669740;
			productRefGroup = 289BC08F2446BF3400669740 /* Products */;
			projectDirPath = "";
			projectRoot = "";
			targets = (
				289BC08D2446BF3400669740 /* ImportPhoto */,
				289BC0A62446BF3500669740 /* ImportPhotoTests */,
				289BC0B12446BF3500669740 /* ImportPhotoUITests */,
			);
		};
/* End PBXProject section */

/* Begin PBXResourcesBuildPhase section */
		289BC08C2446BF3400669740 /* Resources */ = {
			isa = PBXResourcesBuildPhase;
			buildActionMask = 2147483647;
			files = (
				289BC0A12446BF3500669740 /* LaunchScreen.storyboard in Resources */,
				289BC09E2446BF3500669740 /* Preview Assets.xcassets in Resources */,
				289BC09B2446BF3500669740 /* Assets.xcassets in Resources */,
			);
			runOnlyForDeploymentPostprocessing = 0;
		};
		289BC0A52446BF3500669740 /* Resources */ = {
			isa = PBXResourcesBuildPhase;
			buildActionMask = 2147483647;
			files = (
			);
			runOnlyForDeploymentPostprocessing = 0;
		};
		289BC0B02446BF3500669740 /* Resources */ = {
			isa = PBXResourcesBuildPhase;
			buildActionMask = 2147483647;
			files = (
			);
			runOnlyForDeploymentPostprocessing = 0;
		};
/* End PBXResourcesBuildPhase section */

/* Begin PBXSourcesBuildPhase section */
		289BC08A2446BF3400669740 /* Sources */ = {
			isa = PBXSourcesBuildPhase;
			buildActionMask = 2147483647;
			files = (
				289BC0922446BF3400669740 /* AppDelegate.swift in Sources */,
				289BC0942446BF3500669740 /* SceneDelegate.swift in Sources */,
				289BC0992446BF3500669740 /* ContentView.swift in Sources */,
				289BC0972446BF3500669740 /* ImportPhoto.xcdatamodeld in Sources */,
			);
			runOnlyForDeploymentPostprocessing = 0;
		};
		289BC0A32446BF3500669740 /* Sources */ = {
			isa = PBXSourcesBuildPhase;
			buildActionMask = 2147483647;
			files = (
				289BC0AC2446BF3500669740 /* ImportPhotoTests.swift in Sources */,
			);
			runOnlyForDeploymentPostprocessing = 0;
		};
		289BC0AE2446BF3500669740 /* Sources */ = {
			isa = PBXSourcesBuildPhase;
			buildActionMask = 2147483647;
			files = (
				289BC0B72446BF3500669740 /* ImportPhotoUITests.swift in Sources */,
			);
			runOnlyForDeploymentPostprocessing = 0;
		};
/* End PBXSourcesBuildPhase section */

/* Begin PBXTargetDependency section */
		289BC0A92446BF3500669740 /* PBXTargetDependency */ = {
			isa = PBXTargetDependency;
			target = 289BC08D2446BF3400669740 /* ImportPhoto */;
			targetProxy = 289BC0A82446BF3500669740 /* PBXContainerItemProxy */;
		};
		289BC0B42446BF3500669740 /* PBXTargetDependency */ = {
			isa = PBXTargetDependency;
			target = 289BC08D2446BF3400669740 /* ImportPhoto */;
			targetProxy = 289BC0B32446BF3500669740 /* PBXContainerItemProxy */;
		};
/* End PBXTargetDependency section */

/* Begin PBXVariantGroup section */
		289BC09F2446BF3500669740 /* LaunchScreen.storyboard */ = {
			isa = PBXVariantGroup;
			children = (
				289BC0A02446BF3500669740 /* Base */,
			);
			name = LaunchScreen.storyboard;
			sourceTree = "<group>";
		};
/* End PBXVariantGroup section */

/* Begin XCBuildConfiguration section */
		289BC0B92446BF3500669740 /* Debug */ = {
			isa = XCBuildConfiguration;
			buildSettings = {
				ALWAYS_SEARCH_USER_PATHS = NO;
				CLANG_ANALYZER_NONNULL = YES;
				CLANG_ANALYZER_NUMBER_OBJECT_CONVERSION = YES_AGGRESSIVE;
				CLANG_CXX_LANGUAGE_STANDARD = "gnu++14";
				CLANG_CXX_LIBRARY = "libc++";
				CLANG_ENABLE_MODULES = YES;
				CLANG_ENABLE_OBJC_ARC = YES;
				CLANG_ENABLE_OBJC_WEAK = YES;
				CLANG_WARN_BLOCK_CAPTURE_AUTORELEASING = YES;
				CLANG_WARN_BOOL_CONVERSION = YES;
				CLANG_WARN_COMMA = YES;
				CLANG_WARN_CONSTANT_CONVERSION = YES;
				CLANG_WARN_DEPRECATED_OBJC_IMPLEMENTATIONS = YES;
				CLANG_WARN_DIRECT_OBJC_ISA_USAGE = YES_ERROR;
				CLANG_WARN_DOCUMENTATION_COMMENTS = YES;
				CLANG_WARN_EMPTY_BODY = YES;
				CLANG_WARN_ENUM_CONVERSION = YES;
				CLANG_WARN_INFINITE_RECURSION = YES;
				CLANG_WARN_INT_CONVERSION = YES;
				CLANG_WARN_NON_LITERAL_NULL_CONVERSION = YES;
				CLANG_WARN_OBJC_IMPLICIT_RETAIN_SELF = YES;
				CLANG_WARN_OBJC_LITERAL_CONVERSION = YES;
				CLANG_WARN_OBJC_ROOT_CLASS = YES_ERROR;
				CLANG_WARN_RANGE_LOOP_ANALYSIS = YES;
				CLANG_WARN_STRICT_PROTOTYPES = YES;
				CLANG_WARN_SUSPICIOUS_MOVE = YES;
				CLANG_WARN_UNGUARDED_AVAILABILITY = YES_AGGRESSIVE;
				CLANG_WARN_UNREACHABLE_CODE = YES;
				CLANG_WARN__DUPLICATE_METHOD_MATCH = YES;
				COPY_PHASE_STRIP = NO;
				DEBUG_INFORMATION_FORMAT = dwarf;
				ENABLE_STRICT_OBJC_MSGSEND = YES;
				ENABLE_TESTABILITY = YES;
				GCC_C_LANGUAGE_STANDARD = gnu11;
				GCC_DYNAMIC_NO_PIC = NO;
				GCC_NO_COMMON_BLOCKS = YES;
				GCC_OPTIMIZATION_LEVEL = 0;
				GCC_PREPROCESSOR_DEFINITIONS = (
					"DEBUG=1",
					"$(inherited)",
				);
				GCC_WARN_64_TO_32_BIT_CONVERSION = YES;
				GCC_WARN_ABOUT_RETURN_TYPE = YES_ERROR;
				GCC_WARN_UNDECLARED_SELECTOR = YES;
				GCC_WARN_UNINITIALIZED_AUTOS = YES_AGGRESSIVE;
				GCC_WARN_UNUSED_FUNCTION = YES;
				GCC_WARN_UNUSED_VARIABLE = YES;
				IPHONEOS_DEPLOYMENT_TARGET = 13.4;
				MTL_ENABLE_DEBUG_INFO = INCLUDE_SOURCE;
				MTL_FAST_MATH = YES;
				ONLY_ACTIVE_ARCH = YES;
				SDKROOT = iphoneos;
				SWIFT_ACTIVE_COMPILATION_CONDITIONS = DEBUG;
				SWIFT_OPTIMIZATION_LEVEL = "-Onone";
			};
			name = Debug;
		};
		289BC0BA2446BF3500669740 /* Release */ = {
			isa = XCBuildConfiguration;
			buildSettings = {
				ALWAYS_SEARCH_USER_PATHS = NO;
				CLANG_ANALYZER_NONNULL = YES;
				CLANG_ANALYZER_NUMBER_OBJECT_CONVERSION = YES_AGGRESSIVE;
				CLANG_CXX_LANGUAGE_STANDARD = "gnu++14";
				CLANG_CXX_LIBRARY = "libc++";
				CLANG_ENABLE_MODULES = YES;
				CLANG_ENABLE_OBJC_ARC = YES;
				CLANG_ENABLE_OBJC_WEAK = YES;
				CLANG_WARN_BLOCK_CAPTURE_AUTORELEASING = YES;
				CLANG_WARN_BOOL_CONVERSION = YES;
				CLANG_WARN_COMMA = YES;
				CLANG_WARN_CONSTANT_CONVERSION = YES;
				CLANG_WARN_DEPRECATED_OBJC_IMPLEMENTATIONS = YES;
				CLANG_WARN_DIRECT_OBJC_ISA_USAGE = YES_ERROR;
				CLANG_WARN_DOCUMENTATION_COMMENTS = YES;
				CLANG_WARN_EMPTY_BODY = YES;
				CLANG_WARN_ENUM_CONVERSION = YES;
				CLANG_WARN_INFINITE_RECURSION = YES;
				CLANG_WARN_INT_CONVERSION = YES;
				CLANG_WARN_NON_LITERAL_NULL_CONVERSION = YES;
				CLANG_WARN_OBJC_IMPLICIT_RETAIN_SELF = YES;
				CLANG_WARN_OBJC_LITERAL_CONVERSION = YES;
				CLANG_WARN_OBJC_ROOT_CLASS = YES_ERROR;
				CLANG_WARN_RANGE_LOOP_ANALYSIS = YES;
				CLANG_WARN_STRICT_PROTOTYPES = YES;
				CLANG_WARN_SUSPICIOUS_MOVE = YES;
				CLANG_WARN_UNGUARDED_AVAILABILITY = YES_AGGRESSIVE;
				CLANG_WARN_UNREACHABLE_CODE = YES;
				CLANG_WARN__DUPLICATE_METHOD_MATCH = YES;
				COPY_PHASE_STRIP = NO;
				DEBUG_INFORMATION_FORMAT = "dwarf-with-dsym";
				ENABLE_NS_ASSERTIONS = NO;
				ENABLE_STRICT_OBJC_MSGSEND = YES;
				GCC_C_LANGUAGE_STANDARD = gnu11;
				GCC_NO_COMMON_BLOCKS = YES;
				GCC_WARN_64_TO_32_BIT_CONVERSION = YES;
				GCC_WARN_ABOUT_RETURN_TYPE = YES_ERROR;
				GCC_WARN_UNDECLARED_SELECTOR = YES;
				GCC_WARN_UNINITIALIZED_AUTOS = YES_AGGRESSIVE;
				GCC_WARN_UNUSED_FUNCTION = YES;
				GCC_WARN_UNUSED_VARIABLE = YES;
				IPHONEOS_DEPLOYMENT_TARGET = 13.4;
				MTL_ENABLE_DEBUG_INFO = NO;
				MTL_FAST_MATH = YES;
				SDKROOT = iphoneos;
				SWIFT_COMPILATION_MODE = wholemodule;
				SWIFT_OPTIMIZATION_LEVEL = "-O";
				VALIDATE_PRODUCT = YES;
			};
			name = Release;
		};
		289BC0BC2446BF3500669740 /* Debug */ = {
			isa = XCBuildConfiguration;
			buildSettings = {
				ASSETCATALOG_COMPILER_APPICON_NAME = AppIcon;
				CODE_SIGN_STYLE = Automatic;
				DEVELOPMENT_ASSET_PATHS = "\"ImportPhoto/Preview Content\"";
				DEVELOPMENT_TEAM = 62WM398225;
				ENABLE_PREVIEWS = YES;
				INFOPLIST_FILE = ImportPhoto/Info.plist;
				LD_RUNPATH_SEARCH_PATHS = (
					"$(inherited)",
					"@executable_path/Frameworks",
				);
				PRODUCT_BUNDLE_IDENTIFIER = izzy.ace.mia.senegal.viettasc.ImportPhoto;
				PRODUCT_NAME = "$(TARGET_NAME)";
				SWIFT_VERSION = 5.0;
				TARGETED_DEVICE_FAMILY = "1,2";
			};
			name = Debug;
		};
		289BC0BD2446BF3500669740 /* Release */ = {
			isa = XCBuildConfiguration;
			buildSettings = {
				ASSETCATALOG_COMPILER_APPICON_NAME = AppIcon;
				CODE_SIGN_STYLE = Automatic;
				DEVELOPMENT_ASSET_PATHS = "\"ImportPhoto/Preview Content\"";
				DEVELOPMENT_TEAM = 62WM398225;
				ENABLE_PREVIEWS = YES;
				INFOPLIST_FILE = ImportPhoto/Info.plist;
				LD_RUNPATH_SEARCH_PATHS = (
					"$(inherited)",
					"@executable_path/Frameworks",
				);
				PRODUCT_BUNDLE_IDENTIFIER = izzy.ace.mia.senegal.viettasc.ImportPhoto;
				PRODUCT_NAME = "$(TARGET_NAME)";
				SWIFT_VERSION = 5.0;
				TARGETED_DEVICE_FAMILY = "1,2";
			};
			name = Release;
		};
		289BC0BF2446BF3500669740 /* Debug */ = {
			isa = XCBuildConfiguration;
			buildSettings = {
				ALWAYS_EMBED_SWIFT_STANDARD_LIBRARIES = YES;
				BUNDLE_LOADER = "$(TEST_HOST)";
				CODE_SIGN_STYLE = Automatic;
				DEVELOPMENT_TEAM = 62WM398225;
				INFOPLIST_FILE = ImportPhotoTests/Info.plist;
				IPHONEOS_DEPLOYMENT_TARGET = 13.4;
				LD_RUNPATH_SEARCH_PATHS = (
					"$(inherited)",
					"@executable_path/Frameworks",
					"@loader_path/Frameworks",
				);
				PRODUCT_BUNDLE_IDENTIFIER = izzy.ace.mia.senegal.viettasc.ImportPhotoTests;
				PRODUCT_NAME = "$(TARGET_NAME)";
				SWIFT_VERSION = 5.0;
				TARGETED_DEVICE_FAMILY = "1,2";
				TEST_HOST = "$(BUILT_PRODUCTS_DIR)/ImportPhoto.app/ImportPhoto";
			};
			name = Debug;
		};
		289BC0C02446BF3500669740 /* Release */ = {
			isa = XCBuildConfiguration;
			buildSettings = {
				ALWAYS_EMBED_SWIFT_STANDARD_LIBRARIES = YES;
				BUNDLE_LOADER = "$(TEST_HOST)";
				CODE_SIGN_STYLE = Automatic;
				DEVELOPMENT_TEAM = 62WM398225;
				INFOPLIST_FILE = ImportPhotoTests/Info.plist;
				IPHONEOS_DEPLOYMENT_TARGET = 13.4;
				LD_RUNPATH_SEARCH_PATHS = (
					"$(inherited)",
					"@executable_path/Frameworks",
					"@loader_path/Frameworks",
				);
				PRODUCT_BUNDLE_IDENTIFIER = izzy.ace.mia.senegal.viettasc.ImportPhotoTests;
				PRODUCT_NAME = "$(TARGET_NAME)";
				SWIFT_VERSION = 5.0;
				TARGETED_DEVICE_FAMILY = "1,2";
				TEST_HOST = "$(BUILT_PRODUCTS_DIR)/ImportPhoto.app/ImportPhoto";
			};
			name = Release;
		};
		289BC0C22446BF3500669740 /* Debug */ = {
			isa = XCBuildConfiguration;
			buildSettings = {
				ALWAYS_EMBED_SWIFT_STANDARD_LIBRARIES = YES;
				CODE_SIGN_STYLE = Automatic;
				DEVELOPMENT_TEAM = 62WM398225;
				INFOPLIST_FILE = ImportPhotoUITests/Info.plist;
				LD_RUNPATH_SEARCH_PATHS = (
					"$(inherited)",
					"@executable_path/Frameworks",
					"@loader_path/Frameworks",
				);
				PRODUCT_BUNDLE_IDENTIFIER = izzy.ace.mia.senegal.viettasc.ImportPhotoUITests;
				PRODUCT_NAME = "$(TARGET_NAME)";
				SWIFT_VERSION = 5.0;
				TARGETED_DEVICE_FAMILY = "1,2";
				TEST_TARGET_NAME = ImportPhoto;
			};
			name = Debug;
		};
		289BC0C32446BF3500669740 /* Release */ = {
			isa = XCBuildConfiguration;
			buildSettings = {
				ALWAYS_EMBED_SWIFT_STANDARD_LIBRARIES = YES;
				CODE_SIGN_STYLE = Automatic;
				DEVELOPMENT_TEAM = 62WM398225;
				INFOPLIST_FILE = ImportPhotoUITests/Info.plist;
				LD_RUNPATH_SEARCH_PATHS = (
					"$(inherited)",
					"@executable_path/Frameworks",
					"@loader_path/Frameworks",
				);
				PRODUCT_BUNDLE_IDENTIFIER = izzy.ace.mia.senegal.viettasc.ImportPhotoUITests;
				PRODUCT_NAME = "$(TARGET_NAME)";
				SWIFT_VERSION = 5.0;
				TARGETED_DEVICE_FAMILY = "1,2";
				TEST_TARGET_NAME = ImportPhoto;
			};
			name = Release;
		};
/* End XCBuildConfiguration section */

/* Begin XCConfigurationList section */
		289BC0892446BF3400669740 /* Build configuration list for PBXProject "ImportPhoto" */ = {
			isa = XCConfigurationList;
			buildConfigurations = (
				289BC0B92446BF3500669740 /* Debug */,
				289BC0BA2446BF3500669740 /* Release */,
			);
			defaultConfigurationIsVisible = 0;
			defaultConfigurationName = Release;
		};
		289BC0BB2446BF3500669740 /* Build configuration list for PBXNativeTarget "ImportPhoto" */ = {
			isa = XCConfigurationList;
			buildConfigurations = (
				289BC0BC2446BF3500669740 /* Debug */,
				289BC0BD2446BF3500669740 /* Release */,
			);
			defaultConfigurationIsVisible = 0;
			defaultConfigurationName = Release;
		};
		289BC0BE2446BF3500669740 /* Build configuration list for PBXNativeTarget "ImportPhotoTests" */ = {
			isa = XCConfigurationList;
			buildConfigurations = (
				289BC0BF2446BF3500669740 /* Debug */,
				289BC0C02446BF3500669740 /* Release */,
			);
			defaultConfigurationIsVisible = 0;
			defaultConfigurationName = Release;
		};
		289BC0C12446BF3500669740 /* Build configuration list for PBXNativeTarget "ImportPhotoUITests" */ = {
			isa = XCConfigurationList;
			buildConfigurations = (
				289BC0C22446BF3500669740 /* Debug */,
				289BC0C32446BF3500669740 /* Release */,
			);
			defaultConfigurationIsVisible = 0;
			defaultConfigurationName = Release;
		};
/* End XCConfigurationList section */

/* Begin XCVersionGroup section */
		289BC0952446BF3500669740 /* ImportPhoto.xcdatamodeld */ = {
			isa = XCVersionGroup;
			children = (
				289BC0962446BF3500669740 /* ImportPhoto.xcdatamodel */,
			);
			currentVersion = 289BC0962446BF3500669740 /* ImportPhoto.xcdatamodel */;
			path = ImportPhoto.xcdatamodeld;
			sourceTree = "<group>";
			versionGroupType = wrapper.xcdatamodel;
		};
/* End XCVersionGroup section */
	};
	rootObject = 289BC0862446BF3400669740 /* Project object */;
}
